
Microsoft Visual Studio Solution File, Format Version 12.00
# Visual Studio Version 17
VisualStudioVersion = 17.0.31903.59
MinimumVisualStudioVersion = 10.0.40219.1
Project("{2150E333-8FDC-42A3-9474-1A3956D46DE8}") = "src", "src", "{827E0CD3-B72D-47B6-A68D-7590B98EB39B}"
EndProject
Project("{FAE04EC0-301F-11D3-BF4B-00C04F79EFBC}") = "KDalytics.Core", "src\KDalytics.Core\KDalytics.Core.csproj", "{2C97A350-8886-4C18-B852-B0466B4EA6E9}"
EndProject
Project("{FAE04EC0-301F-11D3-BF4B-00C04F79EFBC}") = "KDalytics.Infrastructure", "src\KDalytics.Infrastructure\KDalytics.Infrastructure.csproj", "{9A6E0511-D23A-4577-A69F-21F61E608C44}"
EndProject
Project("{FAE04EC0-301F-11D3-BF4B-00C04F79EFBC}") = "KDalytics.API", "src\KDalytics.API\KDalytics.API.csproj", "{7D1C2F48-F2CB-4C0A-A1A8-4B14D3D23BD6}"
EndProject
Project("{FAE04EC0-301F-11D3-BF4B-00C04F79EFBC}") = "KDalytics.Functions", "src\KDalytics.Functions\KDalytics.Functions.csproj", "{21F6203E-08FC-46A9-B57B-CB1BAB8166FA}"
EndProject
Project("{FAE04EC0-301F-11D3-BF4B-00C04F79EFBC}") = "KDalytics.Discord", "src\KDalytics.Discord\KDalytics.Discord.csproj", "{088DC8C8-A605-4F3E-9AB2-7FEFA25E35C6}"
EndProject
Project("{FAE04EC0-301F-11D3-BF4B-00C04F79EFBC}") = "KDalytics.Web", "src\KDalytics.Web\KDalytics.Web.csproj", "{0A1593FF-D80E-4427-948F-8E9C8C592E19}"
EndProject
Project("{FAE04EC0-301F-11D3-BF4B-00C04F79EFBC}") = "KDalytics.Core.Tests", "tests\KDalytics.Core.Tests\KDalytics.Core.Tests.csproj", "{39305D1D-483F-4123-AFFA-578269F0ED72}"
EndProject
Project("{FAE04EC0-301F-11D3-BF4B-00C04F79EFBC}") = "KDalytics.API.Tests", "tests\KDalytics.API.Tests\KDalytics.API.Tests.csproj", "{A29153E4-2AEB-400B-85F5-009402A3F850}"
EndProject
Project("{FAE04EC0-301F-11D3-BF4B-00C04F79EFBC}") = "KDalytics.E2E.Tests", "tests\KDalytics.E2E.Tests\KDalytics.E2E.Tests.csproj", "{14D4F4D5-2944-4F03-9AFA-EBD62C92AF53}"
EndProject
Global
	GlobalSection(SolutionConfigurationPlatforms) = preSolution
		Debug|Any CPU = Debug|Any CPU
		Debug|x64 = Debug|x64
		Debug|x86 = Debug|x86
		Release|Any CPU = Release|Any CPU
		Release|x64 = Release|x64
		Release|x86 = Release|x86
	EndGlobalSection
	GlobalSection(ProjectConfigurationPlatforms) = postSolution
		{2C97A350-8886-4C18-B852-B0466B4EA6E9}.Debug|Any CPU.ActiveCfg = Debug|Any CPU
		{2C97A350-8886-4C18-B852-B0466B4EA6E9}.Debug|Any CPU.Build.0 = Debug|Any CPU
		{2C97A350-8886-4C18-B852-B0466B4EA6E9}.Debug|x64.ActiveCfg = Debug|Any CPU
		{2C97A350-8886-4C18-B852-B0466B4EA6E9}.Debug|x64.Build.0 = Debug|Any CPU
		{2C97A350-8886-4C18-B852-B0466B4EA6E9}.Debug|x86.ActiveCfg = Debug|Any CPU
		{2C97A350-8886-4C18-B852-B0466B4EA6E9}.Debug|x86.Build.0 = Debug|Any CPU
		{2C97A350-8886-4C18-B852-B0466B4EA6E9}.Release|Any CPU.ActiveCfg = Release|Any CPU
		{2C97A350-8886-4C18-B852-B0466B4EA6E9}.Release|Any CPU.Build.0 = Release|Any CPU
		{2C97A350-8886-4C18-B852-B0466B4EA6E9}.Release|x64.ActiveCfg = Release|Any CPU
		{2C97A350-8886-4C18-B852-B0466B4EA6E9}.Release|x64.Build.0 = Release|Any CPU
		{2C97A350-8886-4C18-B852-B0466B4EA6E9}.Release|x86.ActiveCfg = Release|Any CPU
		{2C97A350-8886-4C18-B852-B0466B4EA6E9}.Release|x86.Build.0 = Release|Any CPU
		{9A6E0511-D23A-4577-A69F-21F61E608C44}.Debug|Any CPU.ActiveCfg = Debug|Any CPU
		{9A6E0511-D23A-4577-A69F-21F61E608C44}.Debug|Any CPU.Build.0 = Debug|Any CPU
		{9A6E0511-D23A-4577-A69F-21F61E608C44}.Debug|x64.ActiveCfg = Debug|Any CPU
		{9A6E0511-D23A-4577-A69F-21F61E608C44}.Debug|x64.Build.0 = Debug|Any CPU
		{9A6E0511-D23A-4577-A69F-21F61E608C44}.Debug|x86.ActiveCfg = Debug|Any CPU
		{9A6E0511-D23A-4577-A69F-21F61E608C44}.Debug|x86.Build.0 = Debug|Any CPU
		{9A6E0511-D23A-4577-A69F-21F61E608C44}.Release|Any CPU.ActiveCfg = Release|Any CPU
		{9A6E0511-D23A-4577-A69F-21F61E608C44}.Release|Any CPU.Build.0 = Release|Any CPU
		{9A6E0511-D23A-4577-A69F-21F61E608C44}.Release|x64.ActiveCfg = Release|Any CPU
		{9A6E0511-D23A-4577-A69F-21F61E608C44}.Release|x64.Build.0 = Release|Any CPU
		{9A6E0511-D23A-4577-A69F-21F61E608C44}.Release|x86.ActiveCfg = Release|Any CPU
		{9A6E0511-D23A-4577-A69F-21F61E608C44}.Release|x86.Build.0 = Release|Any CPU
		{7D1C2F48-F2CB-4C0A-A1A8-4B14D3D23BD6}.Debug|Any CPU.ActiveCfg = Debug|Any CPU
		{7D1C2F48-F2CB-4C0A-A1A8-4B14D3D23BD6}.Debug|Any CPU.Build.0 = Debug|Any CPU
		{7D1C2F48-F2CB-4C0A-A1A8-4B14D3D23BD6}.Debug|x64.ActiveCfg = Debug|Any CPU
		{7D1C2F48-F2CB-4C0A-A1A8-4B14D3D23BD6}.Debug|x64.Build.0 = Debug|Any CPU
		{7D1C2F48-F2CB-4C0A-A1A8-4B14D3D23BD6}.Debug|x86.ActiveCfg = Debug|Any CPU
		{7D1C2F48-F2CB-4C0A-A1A8-4B14D3D23BD6}.Debug|x86.Build.0 = Debug|Any CPU
		{7D1C2F48-F2CB-4C0A-A1A8-4B14D3D23BD6}.Release|Any CPU.ActiveCfg = Release|Any CPU
		{7D1C2F48-F2CB-4C0A-A1A8-4B14D3D23BD6}.Release|Any CPU.Build.0 = Release|Any CPU
		{7D1C2F48-F2CB-4C0A-A1A8-4B14D3D23BD6}.Release|x64.ActiveCfg = Release|Any CPU
		{7D1C2F48-F2CB-4C0A-A1A8-4B14D3D23BD6}.Release|x64.Build.0 = Release|Any CPU
		{7D1C2F48-F2CB-4C0A-A1A8-4B14D3D23BD6}.Release|x86.ActiveCfg = Release|Any CPU
		{7D1C2F48-F2CB-4C0A-A1A8-4B14D3D23BD6}.Release|x86.Build.0 = Release|Any CPU
		{21F6203E-08FC-46A9-B57B-CB1BAB8166FA}.Debug|Any CPU.ActiveCfg = Debug|Any CPU
		{21F6203E-08FC-46A9-B57B-CB1BAB8166FA}.Debug|Any CPU.Build.0 = Debug|Any CPU
		{21F6203E-08FC-46A9-B57B-CB1BAB8166FA}.Debug|x64.ActiveCfg = Debug|Any CPU
		{21F6203E-08FC-46A9-B57B-CB1BAB8166FA}.Debug|x64.Build.0 = Debug|Any CPU
		{21F6203E-08FC-46A9-B57B-CB1BAB8166FA}.Debug|x86.ActiveCfg = Debug|Any CPU
		{21F6203E-08FC-46A9-B57B-CB1BAB8166FA}.Debug|x86.Build.0 = Debug|Any CPU
		{21F6203E-08FC-46A9-B57B-CB1BAB8166FA}.Release|Any CPU.ActiveCfg = Release|Any CPU
		{21F6203E-08FC-46A9-B57B-CB1BAB8166FA}.Release|Any CPU.Build.0 = Release|Any CPU
		{21F6203E-08FC-46A9-B57B-CB1BAB8166FA}.Release|x64.ActiveCfg = Release|Any CPU
		{21F6203E-08FC-46A9-B57B-CB1BAB8166FA}.Release|x64.Build.0 = Release|Any CPU
		{21F6203E-08FC-46A9-B57B-CB1BAB8166FA}.Release|x86.ActiveCfg = Release|Any CPU
		{21F6203E-08FC-46A9-B57B-CB1BAB8166FA}.Release|x86.Build.0 = Release|Any CPU
		{088DC8C8-A605-4F3E-9AB2-7FEFA25E35C6}.Debug|Any CPU.ActiveCfg = Debug|Any CPU
		{088DC8C8-A605-4F3E-9AB2-7FEFA25E35C6}.Debug|Any CPU.Build.0 = Debug|Any CPU
		{088DC8C8-A605-4F3E-9AB2-7FEFA25E35C6}.Debug|x64.ActiveCfg = Debug|Any CPU
		{088DC8C8-A605-4F3E-9AB2-7FEFA25E35C6}.Debug|x64.Build.0 = Debug|Any CPU
		{088DC8C8-A605-4F3E-9AB2-7FEFA25E35C6}.Debug|x86.ActiveCfg = Debug|Any CPU
		{088DC8C8-A605-4F3E-9AB2-7FEFA25E35C6}.Debug|x86.Build.0 = Debug|Any CPU
		{088DC8C8-A605-4F3E-9AB2-7FEFA25E35C6}.Release|Any CPU.ActiveCfg = Release|Any CPU
		{088DC8C8-A605-4F3E-9AB2-7FEFA25E35C6}.Release|Any CPU.Build.0 = Release|Any CPU
		{088DC8C8-A605-4F3E-9AB2-7FEFA25E35C6}.Release|x64.ActiveCfg = Release|Any CPU
		{088DC8C8-A605-4F3E-9AB2-7FEFA25E35C6}.Release|x64.Build.0 = Release|Any CPU
		{088DC8C8-A605-4F3E-9AB2-7FEFA25E35C6}.Release|x86.ActiveCfg = Release|Any CPU
		{088DC8C8-A605-4F3E-9AB2-7FEFA25E35C6}.Release|x86.Build.0 = Release|Any CPU
		{0A1593FF-D80E-4427-948F-8E9C8C592E19}.Debug|Any CPU.ActiveCfg = Debug|Any CPU
		{0A1593FF-D80E-4427-948F-8E9C8C592E19}.Debug|Any CPU.Build.0 = Debug|Any CPU
		{0A1593FF-D80E-4427-948F-8E9C8C592E19}.Debug|x64.ActiveCfg = Debug|Any CPU
		{0A1593FF-D80E-4427-948F-8E9C8C592E19}.Debug|x64.Build.0 = Debug|Any CPU
		{0A1593FF-D80E-4427-948F-8E9C8C592E19}.Debug|x86.ActiveCfg = Debug|Any CPU
		{0A1593FF-D80E-4427-948F-8E9C8C592E19}.Debug|x86.Build.0 = Debug|Any CPU
		{0A1593FF-D80E-4427-948F-8E9C8C592E19}.Release|Any CPU.ActiveCfg = Release|Any CPU
		{0A1593FF-D80E-4427-948F-8E9C8C592E19}.Release|Any CPU.Build.0 = Release|Any CPU
		{0A1593FF-D80E-4427-948F-8E9C8C592E19}.Release|x64.ActiveCfg = Release|Any CPU
		{0A1593FF-D80E-4427-948F-8E9C8C592E19}.Release|x64.Build.0 = Release|Any CPU
		{0A1593FF-D80E-4427-948F-8E9C8C592E19}.Release|x86.ActiveCfg = Release|Any CPU
		{0A1593FF-D80E-4427-948F-8E9C8C592E19}.Release|x86.Build.0 = Release|Any CPU
		{39305D1D-483F-4123-AFFA-578269F0ED72}.Debug|Any CPU.ActiveCfg = Debug|Any CPU
		{39305D1D-483F-4123-AFFA-578269F0ED72}.Debug|Any CPU.Build.0 = Debug|Any CPU
		{39305D1D-483F-4123-AFFA-578269F0ED72}.Debug|x64.ActiveCfg = Debug|Any CPU
		{39305D1D-483F-4123-AFFA-578269F0ED72}.Debug|x64.Build.0 = Debug|Any CPU
		{39305D1D-483F-4123-AFFA-578269F0ED72}.Debug|x86.ActiveCfg = Debug|Any CPU
		{39305D1D-483F-4123-AFFA-578269F0ED72}.Debug|x86.Build.0 = Debug|Any CPU
		{39305D1D-483F-4123-AFFA-578269F0ED72}.Release|Any CPU.ActiveCfg = Release|Any CPU
		{39305D1D-483F-4123-AFFA-578269F0ED72}.Release|Any CPU.Build.0 = Release|Any CPU
		{39305D1D-483F-4123-AFFA-578269F0ED72}.Release|x64.ActiveCfg = Release|Any CPU
		{39305D1D-483F-4123-AFFA-578269F0ED72}.Release|x64.Build.0 = Release|Any CPU
		{39305D1D-483F-4123-AFFA-578269F0ED72}.Release|x86.ActiveCfg = Release|Any CPU
		{39305D1D-483F-4123-AFFA-578269F0ED72}.Release|x86.Build.0 = Release|Any CPU
		{A29153E4-2AEB-400B-85F5-009402A3F850}.Debug|Any CPU.ActiveCfg = Debug|Any CPU
		{A29153E4-2AEB-400B-85F5-009402A3F850}.Debug|Any CPU.Build.0 = Debug|Any CPU
		{A29153E4-2AEB-400B-85F5-009402A3F850}.Debug|x64.ActiveCfg = Debug|Any CPU
		{A29153E4-2AEB-400B-85F5-009402A3F850}.Debug|x64.Build.0 = Debug|Any CPU
		{A29153E4-2AEB-400B-85F5-009402A3F850}.Debug|x86.ActiveCfg = Debug|Any CPU
		{A29153E4-2AEB-400B-85F5-009402A3F850}.Debug|x86.Build.0 = Debug|Any CPU
		{A29153E4-2AEB-400B-85F5-009402A3F850}.Release|Any CPU.ActiveCfg = Release|Any CPU
		{A29153E4-2AEB-400B-85F5-009402A3F850}.Release|Any CPU.Build.0 = Release|Any CPU
		{A29153E4-2AEB-400B-85F5-009402A3F850}.Release|x64.ActiveCfg = Release|Any CPU
		{A29153E4-2AEB-400B-85F5-009402A3F850}.Release|x64.Build.0 = Release|Any CPU
		{A29153E4-2AEB-400B-85F5-009402A3F850}.Release|x86.ActiveCfg = Release|Any CPU
		{A29153E4-2AEB-400B-85F5-009402A3F850}.Release|x86.Build.0 = Release|Any CPU
		{14D4F4D5-2944-4F03-9AFA-EBD62C92AF53}.Debug|Any CPU.ActiveCfg = Debug|Any CPU
		{14D4F4D5-2944-4F03-9AFA-EBD62C92AF53}.Debug|Any CPU.Build.0 = Debug|Any CPU
		{14D4F4D5-2944-4F03-9AFA-EBD62C92AF53}.Debug|x64.ActiveCfg = Debug|Any CPU
		{14D4F4D5-2944-4F03-9AFA-EBD62C92AF53}.Debug|x64.Build.0 = Debug|Any CPU
		{14D4F4D5-2944-4F03-9AFA-EBD62C92AF53}.Debug|x86.ActiveCfg = Debug|Any CPU
		{14D4F4D5-2944-4F03-9AFA-EBD62C92AF53}.Debug|x86.Build.0 = Debug|Any CPU
		{14D4F4D5-2944-4F03-9AFA-EBD62C92AF53}.Release|Any CPU.ActiveCfg = Release|Any CPU
		{14D4F4D5-2944-4F03-9AFA-EBD62C92AF53}.Release|Any CPU.Build.0 = Release|Any CPU
		{14D4F4D5-2944-4F03-9AFA-EBD62C92AF53}.Release|x64.ActiveCfg = Release|Any CPU
		{14D4F4D5-2944-4F03-9AFA-EBD62C92AF53}.Release|x64.Build.0 = Release|Any CPU
		{14D4F4D5-2944-4F03-9AFA-EBD62C92AF53}.Release|x86.ActiveCfg = Release|Any CPU
		{14D4F4D5-2944-4F03-9AFA-EBD62C92AF53}.Release|x86.Build.0 = Release|Any CPU
	EndGlobalSection
	GlobalSection(SolutionProperties) = preSolution
		HideSolutionNode = FALSE
	EndGlobalSection
	GlobalSection(NestedProjects) = preSolution
		{2C97A350-8886-4C18-B852-B0466B4EA6E9} = {827E0CD3-B72D-47B6-A68D-7590B98EB39B}
		{9A6E0511-D23A-4577-A69F-21F61E608C44} = {827E0CD3-B72D-47B6-A68D-7590B98EB39B}
		{7D1C2F48-F2CB-4C0A-A1A8-4B14D3D23BD6} = {827E0CD3-B72D-47B6-A68D-7590B98EB39B}
		{21F6203E-08FC-46A9-B57B-CB1BAB8166FA} = {827E0CD3-B72D-47B6-A68D-7590B98EB39B}
		{088DC8C8-A605-4F3E-9AB2-7FEFA25E35C6} = {827E0CD3-B72D-47B6-A68D-7590B98EB39B}
		{0A1593FF-D80E-4427-948F-8E9C8C592E19} = {827E0CD3-B72D-47B6-A68D-7590B98EB39B}
		{39305D1D-483F-4123-AFFA-578269F0ED72} = {827E0CD3-B72D-47B6-A68D-7590B98EB39B}
		{A29153E4-2AEB-400B-85F5-009402A3F850} = {827E0CD3-B72D-47B6-A68D-7590B98EB39B}
		{14D4F4D5-2944-4F03-9AFA-EBD62C92AF53} = {827E0CD3-B72D-47B6-A68D-7590B98EB39B}
	EndGlobalSection
EndGlobal
